// !$*UTF8*$!
{
	archiveVersion = 1;
	classes = {
	};
	objectVersion = 48;
	objects = {

/* Begin PBXBuildFile section */
		C4914E73204C3F0200F4859A /* AppDelegate.m in Sources */ = {isa = PBXBuildFile; fileRef = C4914E72204C3F0200F4859A /* AppDelegate.m */; };
		C4914E76204C3F0200F4859A /* ViewController.m in Sources */ = {isa = PBXBuildFile; fileRef = C4914E75204C3F0200F4859A /* ViewController.m */; };
		C4914E79204C3F0200F4859A /* Main.storyboard in Resources */ = {isa = PBXBuildFile; fileRef = C4914E77204C3F0200F4859A /* Main.storyboard */; };
		C4914E7B204C3F0200F4859A /* Assets.xcassets in Resources */ = {isa = PBXBuildFile; fileRef = C4914E7A204C3F0200F4859A /* Assets.xcassets */; };
		C4914E7E204C3F0200F4859A /* LaunchScreen.storyboard in Resources */ = {isa = PBXBuildFile; fileRef = C4914E7C204C3F0200F4859A /* LaunchScreen.storyboard */; };
		C4914E81204C3F0200F4859A /* main.m in Sources */ = {isa = PBXBuildFile; fileRef = C4914E80204C3F0200F4859A /* main.m */; };
		C4914E8B204C3F0200F4859A /* HooerTests.m in Sources */ = {isa = PBXBuildFile; fileRef = C4914E8A204C3F0200F4859A /* HooerTests.m */; };
		C4914E96204C3F0200F4859A /* HooerUITests.m in Sources */ = {isa = PBXBuildFile; fileRef = C4914E95204C3F0200F4859A /* HooerUITests.m */; };
		C4914EA5204C3F2500F4859A /* KYHooker.m in Sources */ = {isa = PBXBuildFile; fileRef = C4914EA4204C3F2500F4859A /* KYHooker.m */; };
/* End PBXBuildFile section */

/* Begin PBXContainerItemProxy section */
		C4914E87204C3F0200F4859A /* PBXContainerItemProxy */ = {
			isa = PBXContainerItemProxy;
			containerPortal = C4914E66204C3F0200F4859A /* Project object */;
			proxyType = 1;
			remoteGlobalIDString = C4914E6D204C3F0200F4859A;
			remoteInfo = Hooer;
		};
		C4914E92204C3F0200F4859A /* PBXContainerItemProxy */ = {
			isa = PBXContainerItemProxy;
			containerPortal = C4914E66204C3F0200F4859A /* Project object */;
			proxyType = 1;
			remoteGlobalIDString = C4914E6D204C3F0200F4859A;
			remoteInfo = Hooer;
		};
/* End PBXContainerItemProxy section */

/* Begin PBXFileReference section */
		C4914E6E204C3F0200F4859A /* Hooer.app */ = {isa = PBXFileReference; explicitFileType = wrapper.application; includeInIndex = 0; path = Hooer.app; sourceTree = BUILT_PRODUCTS_DIR; };
		C4914E71204C3F0200F4859A /* AppDelegate.h */ = {isa = PBXFileReference; lastKnownFileType = sourcecode.c.h; path = AppDelegate.h; sourceTree = "<group>"; };
		C4914E72204C3F0200F4859A /* AppDelegate.m */ = {isa = PBXFileReference; lastKnownFileType = sourcecode.c.objc; path = AppDelegate.m; sourceTree = "<group>"; };
		C4914E74204C3F0200F4859A /* ViewController.h */ = {isa = PBXFileReference; lastKnownFileType = sourcecode.c.h; path = ViewController.h; sourceTree = "<group>"; };
		C4914E75204C3F0200F4859A /* ViewController.m */ = {isa = PBXFileReference; lastKnownFileType = sourcecode.c.objc; path = ViewController.m; sourceTree = "<group>"; };
		C4914E78204C3F0200F4859A /* Base */ = {isa = PBXFileReference; lastKnownFileType = file.storyboard; name = Base; path = Base.lproj/Main.storyboard; sourceTree = "<group>"; };
		C4914E7A204C3F0200F4859A /* Assets.xcassets */ = {isa = PBXFileReference; lastKnownFileType = folder.assetcatalog; path = Assets.xcassets; sourceTree = "<group>"; };
		C4914E7D204C3F0200F4859A /* Base */ = {isa = PBXFileReference; lastKnownFileType = file.storyboard; name = Base; path = Base.lproj/LaunchScreen.storyboard; sourceTree = "<group>"; };
		C4914E7F204C3F0200F4859A /* Info.plist */ = {isa = PBXFileReference; lastKnownFileType = text.plist.xml; path = Info.plist; sourceTree = "<group>"; };
		C4914E80204C3F0200F4859A /* main.m */ = {isa = PBXFileReference; lastKnownFileType = sourcecode.c.objc; path = main.m; sourceTree = "<group>"; };
		C4914E86204C3F0200F4859A /* HooerTests.xctest */ = {isa = PBXFileReference; explicitFileType = wrapper.cfbundle; includeInIndex = 0; path = HooerTests.xctest; sourceTree = BUILT_PRODUCTS_DIR; };
		C4914E8A204C3F0200F4859A /* HooerTests.m */ = {isa = PBXFileReference; lastKnownFileType = sourcecode.c.objc; path = HooerTests.m; sourceTree = "<group>"; };
		C4914E8C204C3F0200F4859A /* Info.plist */ = {isa = PBXFileReference; lastKnownFileType = text.plist.xml; path = Info.plist; sourceTree = "<group>"; };
		C4914E91204C3F0200F4859A /* HooerUITests.xctest */ = {isa = PBXFileReference; explicitFileType = wrapper.cfbundle; includeInIndex = 0; path = HooerUITests.xctest; sourceTree = BUILT_PRODUCTS_DIR; };
		C4914E95204C3F0200F4859A /* HooerUITests.m */ = {isa = PBXFileReference; lastKnownFileType = sourcecode.c.objc; path = HooerUITests.m; sourceTree = "<group>"; };
		C4914E97204C3F0200F4859A /* Info.plist */ = {isa = PBXFileReference; lastKnownFileType = text.plist.xml; path = Info.plist; sourceTree = "<group>"; };
		C4914EA3204C3F2500F4859A /* KYHooker.h */ = {isa = PBXFileReference; lastKnownFileType = sourcecode.c.h; path = KYHooker.h; sourceTree = "<group>"; };
		C4914EA4204C3F2500F4859A /* KYHooker.m */ = {isa = PBXFileReference; lastKnownFileType = sourcecode.c.objc; path = KYHooker.m; sourceTree = "<group>"; };
/* End PBXFileReference section */

/* Begin PBXFrameworksBuildPhase section */
		C4914E6B204C3F0200F4859A /* Frameworks */ = {
			isa = PBXFrameworksBuildPhase;
			buildActionMask = 2147483647;
			files = (
			);
			runOnlyForDeploymentPostprocessing = 0;
		};
		C4914E83204C3F0200F4859A /* Frameworks */ = {
			isa = PBXFrameworksBuildPhase;
			buildActionMask = 2147483647;
			files = (
			);
			runOnlyForDeploymentPostprocessing = 0;
		};
		C4914E8E204C3F0200F4859A /* Frameworks */ = {
			isa = PBXFrameworksBuildPhase;
			buildActionMask = 2147483647;
			files = (
			);
			runOnlyForDeploymentPostprocessing = 0;
		};
/* End PBXFrameworksBuildPhase section */

/* Begin PBXGroup section */
		C4914E65204C3F0200F4859A = {
			isa = PBXGroup;
			children = (
				C4914E70204C3F0200F4859A /* Hooer */,
				C4914E89204C3F0200F4859A /* HooerTests */,
				C4914E94204C3F0200F4859A /* HooerUITests */,
				C4914E6F204C3F0200F4859A /* Products */,
			);
			sourceTree = "<group>";
		};
		C4914E6F204C3F0200F4859A /* Products */ = {
			isa = PBXGroup;
			children = (
				C4914E6E204C3F0200F4859A /* Hooer.app */,
				C4914E86204C3F0200F4859A /* HooerTests.xctest */,
				C4914E91204C3F0200F4859A /* HooerUITests.xctest */,
			);
			name = Products;
			sourceTree = "<group>";
		};
		C4914E70204C3F0200F4859A /* Hooer */ = {
			isa = PBXGroup;
			children = (
				C4914E71204C3F0200F4859A /* AppDelegate.h */,
				C4914E72204C3F0200F4859A /* AppDelegate.m */,
				C4914E74204C3F0200F4859A /* ViewController.h */,
				C4914E75204C3F0200F4859A /* ViewController.m */,
				C4914EA3204C3F2500F4859A /* KYHooker.h */,
				C4914EA4204C3F2500F4859A /* KYHooker.m */,
				C4914E77204C3F0200F4859A /* Main.storyboard */,
				C4914E7A204C3F0200F4859A /* Assets.xcassets */,
				C4914E7C204C3F0200F4859A /* LaunchScreen.storyboard */,
				C4914E7F204C3F0200F4859A /* Info.plist */,
				C4914E80204C3F0200F4859A /* main.m */,
			);
			path = Hooer;
			sourceTree = "<group>";
		};
		C4914E89204C3F0200F4859A /* HooerTests */ = {
			isa = PBXGroup;
			children = (
				C4914E8A204C3F0200F4859A /* HooerTests.m */,
				C4914E8C204C3F0200F4859A /* Info.plist */,
			);
			path = HooerTests;
			sourceTree = "<group>";
		};
		C4914E94204C3F0200F4859A /* HooerUITests */ = {
			isa = PBXGroup;
			children = (
				C4914E95204C3F0200F4859A /* HooerUITests.m */,
				C4914E97204C3F0200F4859A /* Info.plist */,
			);
			path = HooerUITests;
			sourceTree = "<group>";
		};
/* End PBXGroup section */

/* Begin PBXNativeTarget section */
		C4914E6D204C3F0200F4859A /* Hooer */ = {
			isa = PBXNativeTarget;
			buildConfigurationList = C4914E9A204C3F0200F4859A /* Build configuration list for PBXNativeTarget "Hooer" */;
			buildPhases = (
				C4914E6A204C3F0200F4859A /* Sources */,
				C4914E6B204C3F0200F4859A /* Frameworks */,
				C4914E6C204C3F0200F4859A /* Resources */,
			);
			buildRules = (
			);
			dependencies = (
			);
			name = Hooer;
			productName = Hooer;
			productReference = C4914E6E204C3F0200F4859A /* Hooer.app */;
			productType = "com.apple.product-type.application";
		};
		C4914E85204C3F0200F4859A /* HooerTests */ = {
			isa = PBXNativeTarget;
			buildConfigurationList = C4914E9D204C3F0200F4859A /* Build configuration list for PBXNativeTarget "HooerTests" */;
			buildPhases = (
				C4914E82204C3F0200F4859A /* Sources */,
				C4914E83204C3F0200F4859A /* Frameworks */,
				C4914E84204C3F0200F4859A /* Resources */,
			);
			buildRules = (
			);
			dependencies = (
				C4914E88204C3F0200F4859A /* PBXTargetDependency */,
			);
			name = HooerTests;
			productName = HooerTests;
			productReference = C4914E86204C3F0200F4859A /* HooerTests.xctest */;
			productType = "com.apple.product-type.bundle.unit-test";
		};
		C4914E90204C3F0200F4859A /* HooerUITests */ = {
			isa = PBXNativeTarget;
			buildConfigurationList = C4914EA0204C3F0200F4859A /* Build configuration list for PBXNativeTarget "HooerUITests" */;
			buildPhases = (
				C4914E8D204C3F0200F4859A /* Sources */,
				C4914E8E204C3F0200F4859A /* Frameworks */,
				C4914E8F204C3F0200F4859A /* Resources */,
			);
			buildRules = (
			);
			dependencies = (
				C4914E93204C3F0200F4859A /* PBXTargetDependency */,
			);
			name = HooerUITests;
			productName = HooerUITests;
			productReference = C4914E91204C3F0200F4859A /* HooerUITests.xctest */;
			productType = "com.apple.product-type.bundle.ui-testing";
		};
/* End PBXNativeTarget section */

/* Begin PBXProject section */
		C4914E66204C3F0200F4859A /* Project object */ = {
			isa = PBXProject;
			attributes = {
				LastUpgradeCheck = 0920;
				ORGANIZATIONNAME = Aaron_Ren;
				TargetAttributes = {
					C4914E6D204C3F0200F4859A = {
						CreatedOnToolsVersion = 9.2;
						ProvisioningStyle = Automatic;
					};
					C4914E85204C3F0200F4859A = {
						CreatedOnToolsVersion = 9.2;
						ProvisioningStyle = Automatic;
						TestTargetID = C4914E6D204C3F0200F4859A;
					};
					C4914E90204C3F0200F4859A = {
						CreatedOnToolsVersion = 9.2;
						ProvisioningStyle = Automatic;
						TestTargetID = C4914E6D204C3F0200F4859A;
					};
				};
			};
			buildConfigurationList = C4914E69204C3F0200F4859A /* Build configuration list for PBXProject "Hooer" */;
			compatibilityVersion = "Xcode 8.0";
			developmentRegion = en;
			hasScannedForEncodings = 0;
			knownRegions = (
				en,
				Base,
			);
			mainGroup = C4914E65204C3F0200F4859A;
			productRefGroup = C4914E6F204C3F0200F4859A /* Products */;
			projectDirPath = "";
			projectRoot = "";
			targets = (
				C4914E6D204C3F0200F4859A /* Hooer */,
				C4914E85204C3F0200F4859A /* HooerTests */,
				C4914E90204C3F0200F4859A /* HooerUITests */,
			);
		};
/* End PBXProject section */

/* Begin PBXResourcesBuildPhase section */
		C4914E6C204C3F0200F4859A /* Resources */ = {
			isa = PBXResourcesBuildPhase;
			buildActionMask = 2147483647;
			files = (
				C4914E7E204C3F0200F4859A /* LaunchScreen.storyboard in Resources */,
				C4914E7B204C3F0200F4859A /* Assets.xcassets in Resources */,
				C4914E79204C3F0200F4859A /* Main.storyboard in Resources */,
			);
			runOnlyForDeploymentPostprocessing = 0;
		};
		C4914E84204C3F0200F4859A /* Resources */ = {
			isa = PBXResourcesBuildPhase;
			buildActionMask = 2147483647;
			files = (
			);
			runOnlyForDeploymentPostprocessing = 0;
		};
		C4914E8F204C3F0200F4859A /* Resources */ = {
			isa = PBXResourcesBuildPhase;
			buildActionMask = 2147483647;
			files = (
			);
			runOnlyForDeploymentPostprocessing = 0;
		};
/* End PBXResourcesBuildPhase section */

/* Begin PBXSourcesBuildPhase section */
		C4914E6A204C3F0200F4859A /* Sources */ = {
			isa = PBXSourcesBuildPhase;
			buildActionMask = 2147483647;
			files = (
				C4914E76204C3F0200F4859A /* ViewController.m in Sources */,
				C4914E81204C3F0200F4859A /* main.m in Sources */,
				C4914E73204C3F0200F4859A /* AppDelegate.m in Sources */,
				C4914EA5204C3F2500F4859A /* KYHooker.m in Sources */,
			);
			runOnlyForDeploymentPostprocessing = 0;
		};
		C4914E82204C3F0200F4859A /* Sources */ = {
			isa = PBXSourcesBuildPhase;
			buildActionMask = 2147483647;
			files = (
				C4914E8B204C3F0200F4859A /* HooerTests.m in Sources */,
			);
			runOnlyForDeploymentPostprocessing = 0;
		};
		C4914E8D204C3F0200F4859A /* Sources */ = {
			isa = PBXSourcesBuildPhase;
			buildActionMask = 2147483647;
			files = (
				C4914E96204C3F0200F4859A /* HooerUITests.m in Sources */,
			);
			runOnlyForDeploymentPostprocessing = 0;
		};
/* End PBXSourcesBuildPhase section */

/* Begin PBXTargetDependency section */
		C4914E88204C3F0200F4859A /* PBXTargetDependency */ = {
			isa = PBXTargetDependency;
			target = C4914E6D204C3F0200F4859A /* Hooer */;
			targetProxy = C4914E87204C3F0200F4859A /* PBXContainerItemProxy */;
		};
		C4914E93204C3F0200F4859A /* PBXTargetDependency */ = {
			isa = PBXTargetDependency;
			target = C4914E6D204C3F0200F4859A /* Hooer */;
			targetProxy = C4914E92204C3F0200F4859A /* PBXContainerItemProxy */;
		};
/* End PBXTargetDependency section */

/* Begin PBXVariantGroup section */
		C4914E77204C3F0200F4859A /* Main.storyboard */ = {
			isa = PBXVariantGroup;
			children = (
				C4914E78204C3F0200F4859A /* Base */,
			);
			name = Main.storyboard;
			sourceTree = "<group>";
		};
		C4914E7C204C3F0200F4859A /* LaunchScreen.storyboard */ = {
			isa = PBXVariantGroup;
			children = (
				C4914E7D204C3F0200F4859A /* Base */,
			);
			name = LaunchScreen.storyboard;
			sourceTree = "<group>";
		};
/* End PBXVariantGroup section */

/* Begin XCBuildConfiguration section */
		C4914E98204C3F0200F4859A /* Debug */ = {
			isa = XCBuildConfiguration;
			buildSettings = {
				ALWAYS_SEARCH_USER_PATHS = NO;
				CLANG_ANALYZER_NONNULL = YES;
				CLANG_ANALYZER_NUMBER_OBJECT_CONVERSION = YES_AGGRESSIVE;
				CLANG_CXX_LANGUAGE_STANDARD = "gnu++14";
				CLANG_CXX_LIBRARY = "libc++";
				CLANG_ENABLE_MODULES = YES;
				CLANG_ENABLE_OBJC_ARC = YES;
				CLANG_WARN_BLOCK_CAPTURE_AUTORELEASING = YES;
				CLANG_WARN_BOOL_CONVERSION = YES;
				CLANG_WARN_COMMA = YES;
				CLANG_WARN_CONSTANT_CONVERSION = YES;
				CLANG_WARN_DIRECT_OBJC_ISA_USAGE = YES_ERROR;
				CLANG_WARN_DOCUMENTATION_COMMENTS = YES;
				CLANG_WARN_EMPTY_BODY = YES;
				CLANG_WARN_ENUM_CONVERSION = YES;
				CLANG_WARN_INFINITE_RECURSION = YES;
				CLANG_WARN_INT_CONVERSION = YES;
				CLANG_WARN_NON_LITERAL_NULL_CONVERSION = YES;
				CLANG_WARN_OBJC_LITERAL_CONVERSION = YES;
				CLANG_WARN_OBJC_ROOT_CLASS = YES_ERROR;
				CLANG_WARN_RANGE_LOOP_ANALYSIS = YES;
				CLANG_WARN_STRICT_PROTOTYPES = YES;
				CLANG_WARN_SUSPICIOUS_MOVE = YES;
				CLANG_WARN_UNGUARDED_AVAILABILITY = YES_AGGRESSIVE;
				CLANG_WARN_UNREACHABLE_CODE = YES;
				CLANG_WARN__DUPLICATE_METHOD_MATCH = YES;
				CODE_SIGN_IDENTITY = "iPhone Developer";
				COPY_PHASE_STRIP = NO;
				DEBUG_INFORMATION_FORMAT = dwarf;
				ENABLE_STRICT_OBJC_MSGSEND = YES;
				ENABLE_TESTABILITY = YES;
				GCC_C_LANGUAGE_STANDARD = gnu11;
				GCC_DYNAMIC_NO_PIC = NO;
				GCC_NO_COMMON_BLOCKS = YES;
				GCC_OPTIMIZATION_LEVEL = 0;
				GCC_PREPROCESSOR_DEFINITIONS = (
					"DEBUG=1",
					"$(inherited)",
				);
				GCC_WARN_64_TO_32_BIT_CONVERSION = YES;
				GCC_WARN_ABOUT_RETURN_TYPE = YES_ERROR;
				GCC_WARN_UNDECLARED_SELECTOR = YES;
				GCC_WARN_UNINITIALIZED_AUTOS = YES_AGGRESSIVE;
				GCC_WARN_UNUSED_FUNCTION = YES;
				GCC_WARN_UNUSED_VARIABLE = YES;
				IPHONEOS_DEPLOYMENT_TARGET = 11.2;
				MTL_ENABLE_DEBUG_INFO = YES;
				ONLY_ACTIVE_ARCH = YES;
				SDKROOT = iphoneos;
			};
			name = Debug;
		};
		C4914E99204C3F0200F4859A /* Release */ = {
			isa = XCBuildConfiguration;
			buildSettings = {
				ALWAYS_SEARCH_USER_PATHS = NO;
				CLANG_ANALYZER_NONNULL = YES;
				CLANG_ANALYZER_NUMBER_OBJECT_CONVERSION = YES_AGGRESSIVE;
				CLANG_CXX_LANGUAGE_STANDARD = "gnu++14";
				CLANG_CXX_LIBRARY = "libc++";
				CLANG_ENABLE_MODULES = YES;
				CLANG_ENABLE_OBJC_ARC = YES;
				CLANG_WARN_BLOCK_CAPTURE_AUTORELEASING = YES;
				CLANG_WARN_BOOL_CONVERSION = YES;
				CLANG_WARN_COMMA = YES;
				CLANG_WARN_CONSTANT_CONVERSION = YES;
				CLANG_WARN_DIRECT_OBJC_ISA_USAGE = YES_ERROR;
				CLANG_WARN_DOCUMENTATION_COMMENTS = YES;
				CLANG_WARN_EMPTY_BODY = YES;
				CLANG_WARN_ENUM_CONVERSION = YES;
				CLANG_WARN_INFINITE_RECURSION = YES;
				CLANG_WARN_INT_CONVERSION = YES;
				CLANG_WARN_NON_LITERAL_NULL_CONVERSION = YES;
				CLANG_WARN_OBJC_LITERAL_CONVERSION = YES;
				CLANG_WARN_OBJC_ROOT_CLASS = YES_ERROR;
				CLANG_WARN_RANGE_LOOP_ANALYSIS = YES;
				CLANG_WARN_STRICT_PROTOTYPES = YES;
				CLANG_WARN_SUSPICIOUS_MOVE = YES;
				CLANG_WARN_UNGUARDED_AVAILABILITY = YES_AGGRESSIVE;
				CLANG_WARN_UNREACHABLE_CODE = YES;
				CLANG_WARN__DUPLICATE_METHOD_MATCH = YES;
				CODE_SIGN_IDENTITY = "iPhone Developer";
				COPY_PHASE_STRIP = NO;
				DEBUG_INFORMATION_FORMAT = "dwarf-with-dsym";
				ENABLE_NS_ASSERTIONS = NO;
				ENABLE_STRICT_OBJC_MSGSEND = YES;
				GCC_C_LANGUAGE_STANDARD = gnu11;
				GCC_NO_COMMON_BLOCKS = YES;
				GCC_WARN_64_TO_32_BIT_CONVERSION = YES;
				GCC_WARN_ABOUT_RETURN_TYPE = YES_ERROR;
				GCC_WARN_UNDECLARED_SELECTOR = YES;
				GCC_WARN_UNINITIALIZED_AUTOS = YES_AGGRESSIVE;
				GCC_WARN_UNUSED_FUNCTION = YES;
				GCC_WARN_UNUSED_VARIABLE = YES;
				IPHONEOS_DEPLOYMENT_TARGET = 11.2;
				MTL_ENABLE_DEBUG_INFO = NO;
				SDKROOT = iphoneos;
				VALIDATE_PRODUCT = YES;
			};
			name = Release;
		};
		C4914E9B204C3F0200F4859A /* Debug */ = {
			isa = XCBuildConfiguration;
			buildSettings = {
				ASSETCATALOG_COMPILER_APPICON_NAME = AppIcon;
				CODE_SIGN_STYLE = Automatic;
				DEVELOPMENT_TEAM = MPN2PW9P93;
				INFOPLIST_FILE = Hooer/Info.plist;
				LD_RUNPATH_SEARCH_PATHS = "$(inherited) @executable_path/Frameworks";
				PRODUCT_BUNDLE_IDENTIFIER = aaron.ren.Hooer;
				PRODUCT_NAME = "$(TARGET_NAME)";
				TARGETED_DEVICE_FAMILY = "1,2";
			};
			name = Debug;
		};
		C4914E9C204C3F0200F4859A /* Release */ = {
			isa = XCBuildConfiguration;
			buildSettings = {
				ASSETCATALOG_COMPILER_APPICON_NAME = AppIcon;
				CODE_SIGN_STYLE = Automatic;
				DEVELOPMENT_TEAM = MPN2PW9P93;
				INFOPLIST_FILE = Hooer/Info.plist;
				LD_RUNPATH_SEARCH_PATHS = "$(inherited) @executable_path/Frameworks";
				PRODUCT_BUNDLE_IDENTIFIER = aaron.ren.Hooer;
				PRODUCT_NAME = "$(TARGET_NAME)";
				TARGETED_DEVICE_FAMILY = "1,2";
			};
			name = Release;
		};
		C4914E9E204C3F0200F4859A /* Debug */ = {
			isa = XCBuildConfiguration;
			buildSettings = {
				BUNDLE_LOADER = "$(TEST_HOST)";
				CODE_SIGN_STYLE = Automatic;
				DEVELOPMENT_TEAM = MPN2PW9P93;
				INFOPLIST_FILE = HooerTests/Info.plist;
				LD_RUNPATH_SEARCH_PATHS = "$(inherited) @executable_path/Frameworks @loader_path/Frameworks";
				PRODUCT_BUNDLE_IDENTIFIER = aaron.ren.HooerTests;
				PRODUCT_NAME = "$(TARGET_NAME)";
				TARGETED_DEVICE_FAMILY = "1,2";
				TEST_HOST = "$(BUILT_PRODUCTS_DIR)/Hooer.app/Hooer";
			};
			name = Debug;
		};
		C4914E9F204C3F0200F4859A /* Release */ = {
			isa = XCBuildConfiguration;
			buildSettings = {
				BUNDLE_LOADER = "$(TEST_HOST)";
				CODE_SIGN_STYLE = Automatic;
				DEVELOPMENT_TEAM = MPN2PW9P93;
				INFOPLIST_FILE = HooerTests/Info.plist;
				LD_RUNPATH_SEARCH_PATHS = "$(inherited) @executable_path/Frameworks @loader_path/Frameworks";
				PRODUCT_BUNDLE_IDENTIFIER = aaron.ren.HooerTests;
				PRODUCT_NAME = "$(TARGET_NAME)";
				TARGETED_DEVICE_FAMILY = "1,2";
				TEST_HOST = "$(BUILT_PRODUCTS_DIR)/Hooer.app/Hooer";
			};
			name = Release;
		};
		C4914EA1204C3F0200F4859A /* Debug */ = {
			isa = XCBuildConfiguration;
			buildSettings = {
				CODE_SIGN_STYLE = Automatic;
				DEVELOPMENT_TEAM = MPN2PW9P93;
				INFOPLIST_FILE = HooerUITests/Info.plist;
				LD_RUNPATH_SEARCH_PATHS = "$(inherited) @executable_path/Frameworks @loader_path/Frameworks";
				PRODUCT_BUNDLE_IDENTIFIER = aaron.ren.HooerUITests;
				PRODUCT_NAME = "$(TARGET_NAME)";
				TARGETED_DEVICE_FAMILY = "1,2";
				TEST_TARGET_NAME = Hooer;
			};
			name = Debug;
		};
		C4914EA2204C3F0200F4859A /* Release */ = {
			isa = XCBuildConfiguration;
			buildSettings = {
				CODE_SIGN_STYLE = Automatic;
				DEVELOPMENT_TEAM = MPN2PW9P93;
				INFOPLIST_FILE = HooerUITests/Info.plist;
				LD_RUNPATH_SEARCH_PATHS = "$(inherited) @executable_path/Frameworks @loader_path/Frameworks";
				PRODUCT_BUNDLE_IDENTIFIER = aaron.ren.HooerUITests;
				PRODUCT_NAME = "$(TARGET_NAME)";
				TARGETED_DEVICE_FAMILY = "1,2";
				TEST_TARGET_NAME = Hooer;
			};
			name = Release;
		};
/* End XCBuildConfiguration section */

/* Begin XCConfigurationList section */
		C4914E69204C3F0200F4859A /* Build configuration list for PBXProject "Hooer" */ = {
			isa = XCConfigurationList;
			buildConfigurations = (
				C4914E98204C3F0200F4859A /* Debug */,
				C4914E99204C3F0200F4859A /* Release */,
			);
			defaultConfigurationIsVisible = 0;
			defaultConfigurationName = Release;
		};
		C4914E9A204C3F0200F4859A /* Build configuration list for PBXNativeTarget "Hooer" */ = {
			isa = XCConfigurationList;
			buildConfigurations = (
				C4914E9B204C3F0200F4859A /* Debug */,
				C4914E9C204C3F0200F4859A /* Release */,
			);
			defaultConfigurationIsVisible = 0;
			defaultConfigurationName = Release;
		};
		C4914E9D204C3F0200F4859A /* Build configuration list for PBXNativeTarget "HooerTests" */ = {
			isa = XCConfigurationList;
			buildConfigurations = (
				C4914E9E204C3F0200F4859A /* Debug */,
				C4914E9F204C3F0200F4859A /* Release */,
			);
			defaultConfigurationIsVisible = 0;
			defaultConfigurationName = Release;
		};
		C4914EA0204C3F0200F4859A /* Build configuration list for PBXNativeTarget "HooerUITests" */ = {
			isa = XCConfigurationList;
			buildConfigurations = (
				C4914EA1204C3F0200F4859A /* Debug */,
				C4914EA2204C3F0200F4859A /* Release */,
			);
			defaultConfigurationIsVisible = 0;
			defaultConfigurationName = Release;
		};
/* End XCConfigurationList section */
	};
	rootObject = C4914E66204C3F0200F4859A /* Project object */;
}
